        # Generated by pub. See: http://pub.dartlang.org/doc/glossary.html#lockfile
         {"packages":{"browser":{"version":"0.4.3+1","source":"hosted","description":"browser"},"args":{"version":"0.4.3+1","source":"hosted","description":"args"},"unittest":{"version":"0.4.3+1","source":"hosted","description":"unittest"},"meta":{"version":"0.4.3+1","source":"hosted","description":"meta"}}}
        