        # Generated by pub. See: http://pub.dartlang.org/doc/glossary.html#lockfile
         {"packages":{"html5lib":{"version":"0.4.0","source":"hosted","description":"html5lib"},"browser":{"version":"0.4.1","source":"hosted","description":"browser"},"unittest":{"version":"0.4.1","source":"hosted","description":"unittest"},"meta":{"version":"0.4.1+1","source":"hosted","description":"meta"},"source_maps":{"version":"0.4.0","source":"hosted","description":"source_maps"}}}
        
