# Generated by pub
# See http://pub.dartlang.org/doc/glossary.html#lockfile
packages:
  analyzer_experimental:
    description: analyzer_experimental
    source: hosted
    version: "0.6.3+1"
  args:
    description: args
    source: hosted
    version: "0.6.3+1"
  browser:
    description: browser
    source: hosted
    version: "0.6.3+1"
  csslib:
    description: csslib
    source: hosted
    version: "0.4.7+7"
  html5lib:
    description: html5lib
    source: hosted
    version: "0.4.3"
  logging:
    description: logging
    source: hosted
    version: "0.6.3+1"
  meta:
    description: meta
    source: hosted
    version: "0.6.3+1"
  pathos:
    description: pathos
    source: hosted
    version: "0.6.3+1"
  source_maps:
    description: source_maps
    source: hosted
    version: "0.6.3+2"
  unittest:
    description: unittest
    source: hosted
    version: "0.6.3+1"
  web_ui:
    description: web_ui
    source: hosted
    version: "0.4.14"
