        # Generated by pub. See: http://pub.dartlang.org/doc/glossary.html#lockfile
         {"packages":{"vector_math":{"version":"0.9.2","source":"hosted","description":"vector_math"},"browser":{"version":"0.3.2","source":"hosted","description":"browser"},"unittest":{"version":"0.3.2","source":"hosted","description":"unittest"},"meta":{"version":"0.3.2","source":"hosted","description":"meta"}}}
        