# Generated by pub
# See http://pub.dartlang.org/doc/glossary.html#lockfile

{"packages":{"args":{"version":"0.5.9","source":"hosted","description":"args"},"bot":{"version":"0.20.1","source":"hosted","description":"bot"},"bot_io":{"version":"0.21.0+2","source":"hosted","description":"bot_io"},"browser":{"version":"0.5.9","source":"hosted","description":"browser"},"hop":{"version":"0.22.1+1","source":"hosted","description":"hop"},"logging":{"version":"0.5.9","source":"hosted","description":"logging"},"meta":{"version":"0.5.9","source":"hosted","description":"meta"},"pathos":{"version":"0.5.9","source":"hosted","description":"pathos"},"unittest":{"version":"0.5.9","source":"hosted","description":"unittest"},"vector_math":{"version":"1.3.0","source":"hosted","description":"vector_math"}}}
