# Generated by pub
# See http://pub.dartlang.org/doc/glossary.html#lockfile
packages:
  args:
    description: args
    source: hosted
    version: "0.5.9"
  bot:
    description: bot
    source: hosted
    version: "0.20.1"
  bot_io:
    description: bot_io
    source: hosted
    version: "0.21.0+2"
  browser:
    description: browser
    source: hosted
    version: "0.5.9"
  hop:
    description: hop
    source: hosted
    version: "0.22.1+1"
  logging:
    description: logging
    source: hosted
    version: "0.5.9"
  meta:
    description: meta
    source: hosted
    version: "0.5.9"
  pathos:
    description: pathos
    source: hosted
    version: "0.5.9"
  unittest:
    description: unittest
    source: hosted
    version: "0.5.9"
  vector_math:
    description: vector_math
    source: hosted
    version: "1.3.0"
